%{
  "broadway": {:hex, :broadway, "1.0.0", "da99ca10aa221a9616ccff8cb8124510b7e063112d4593c3bae50448b37bbc90", [:mix], [{:gen_stage, "~> 1.0", [hex: :gen_stage, repo: "hexpm", optional: false]}, {:nimble_options, "~> 0.3.0", [hex: :nimble_options, repo: "hexpm", optional: false]}, {:telemetry, "~> 0.4.3 or ~> 1.0", [hex: :telemetry, repo: "hexpm", optional: false]}], "hexpm", "b86ebd492f687edc9ad44d0f9e359da70f305b6d090e92a06551cef71ec41324"},
  "brod": {:git, "https://github.com/marinanekrassova/brod.git", "c0ac432a4d6b1a9d1ebf58f1dbc87ad44cb7490f", [tag: "3.15.1.5"]},
  "crc32cer": {:git, "https://github.com/zmstone/crc32cer", "da457f8003f8f2176458d73aced2600e53b583a2", [tag: "0.1.4"]},
  "earmark_parser": {:hex, :earmark_parser, "1.4.15", "b29e8e729f4aa4a00436580dcc2c9c5c51890613457c193cc8525c388ccb2f06", [:mix], [], "hexpm", "044523d6438ea19c1b8ec877ec221b008661d3c27e3b848f4c879f500421ca5c"},
  "ex_doc": {:hex, :ex_doc, "0.25.3", "3edf6a0d70a39d2eafde030b8895501b1c93692effcbd21347296c18e47618ce", [:mix], [{:earmark_parser, "~> 1.4.0", [hex: :earmark_parser, repo: "hexpm", optional: false]}, {:makeup_elixir, "~> 0.14", [hex: :makeup_elixir, repo: "hexpm", optional: false]}, {:makeup_erlang, "~> 0.1", [hex: :makeup_erlang, repo: "hexpm", optional: false]}], "hexpm", "9ebebc2169ec732a38e9e779fd0418c9189b3ca93f4a676c961be6c1527913f5"},
  "gen_stage": {:hex, :gen_stage, "1.1.1", "78d83b14ca742f4c252770bcdf674d83378ca41579c387c57e2f06d70f596317", [:mix], [], "hexpm", "eb90d2d72609050a66ce42b7d4a69323a60c892a09ead0680d5d8ef16b9a034e"},
  "hex2bin": {:hex, :hex2bin, "1.0.0", "aac26eab998ae80eacee1c7607c629ab503ebf77a62b9242bae2b94d47dcb71e", [:rebar3], [], "hexpm", "e7012d1d9aadd26e680f0983d26fb8923707f05fac9688f19f530fa3795e716f"},
  "kafka_protocol": {:git, "https://github.com/klarna/kafka_protocol.git", "fd7c4a1bc059ac0c437653135e301201570ac3f2", [tag: "2.3.6"]},
  "makeup": {:hex, :makeup, "1.0.5", "d5a830bc42c9800ce07dd97fa94669dfb93d3bf5fcf6ea7a0c67b2e0e4a7f26c", [:mix], [{:nimble_parsec, "~> 0.5 or ~> 1.0", [hex: :nimble_parsec, repo: "hexpm", optional: false]}], "hexpm", "cfa158c02d3f5c0c665d0af11512fed3fba0144cf1aadee0f2ce17747fba2ca9"},
  "makeup_elixir": {:hex, :makeup_elixir, "0.15.1", "b5888c880d17d1cc3e598f05cdb5b5a91b7b17ac4eaf5f297cb697663a1094dd", [:mix], [{:makeup, "~> 1.0", [hex: :makeup, repo: "hexpm", optional: false]}, {:nimble_parsec, "~> 1.1", [hex: :nimble_parsec, repo: "hexpm", optional: false]}], "hexpm", "db68c173234b07ab2a07f645a5acdc117b9f99d69ebf521821d89690ae6c6ec8"},
  "makeup_erlang": {:hex, :makeup_erlang, "0.1.1", "3fcb7f09eb9d98dc4d208f49cc955a34218fc41ff6b84df7c75b3e6e533cc65f", [:mix], [{:makeup, "~> 1.0", [hex: :makeup, repo: "hexpm", optional: false]}], "hexpm", "174d0809e98a4ef0b3309256cbf97101c6ec01c4ab0b23e926a9e17df2077cbb"},
  "nimble_options": {:hex, :nimble_options, "0.3.7", "1e52dd7673d36138b1a5dede183b5d86dff175dc46d104a8e98e396b85b04670", [:mix], [], "hexpm", "2086907e6665c6b6579be54ef5001928df5231f355f71ed258f80a55e9f63633"},
  "nimble_parsec": {:hex, :nimble_parsec, "1.1.0", "3a6fca1550363552e54c216debb6a9e95bd8d32348938e13de5eda962c0d7f89", [:mix], [], "hexpm", "08eb32d66b706e913ff748f11694b17981c0b04a33ef470e33e11b3d3ac8f54b"},
  "snappyer": {:git, "https://github.com/zmstone/snappyer", "1e5f0a9a520ed18486d4fd52efed29e26cbf09b0", [tag: "1.2.5"]},
  "supervisor3": {:git, "https://github.com/klarna/supervisor3.git", "c11256561ad70052b25cedd6307261e5643f0550", [tag: "1.1.11"]},
  "telemetry": {:hex, :telemetry, "1.0.0", "0f453a102cdf13d506b7c0ab158324c337c41f1cc7548f0bc0e130bbf0ae9452", [:rebar3], [], "hexpm", "73bc09fa59b4a0284efb4624335583c528e07ec9ae76aca96ea0673850aec57a"},
}
